
Microsoft Visual Studio Solution File, Format Version 12.00
# Visual Studio Version 16
VisualStudioVersion = 16.0.30907.101
MinimumVisualStudioVersion = 10.0.40219.1
Project("{FAE04EC0-301F-11D3-BF4B-00C04F79EFBC}") = "MAPeD-ZX", "MAPeD-ZX\MAPeD-ZX.csproj", "{4B5F193D-F5D1-4292-A88A-87B1867EB886}"
	ProjectSection(ProjectDependencies) = postProject
		{75944F5C-5318-4000-BAE8-B9F102318454} = {75944F5C-5318-4000-BAE8-B9F102318454}
	EndProjectSection
EndProject
Project("{FAE04EC0-301F-11D3-BF4B-00C04F79EFBC}") = "SPSeD", "..\SPSeD\SPSeD.csproj", "{75944F5C-5318-4000-BAE8-B9F102318454}"
EndProject
Global
	GlobalSection(SolutionConfigurationPlatforms) = preSolution
		Debug|Any CPU = Debug|Any CPU
		Release|Any CPU = Release|Any CPU
	EndGlobalSection
	GlobalSection(ProjectConfigurationPlatforms) = postSolution
		{4B5F193D-F5D1-4292-A88A-87B1867EB886}.Debug|Any CPU.ActiveCfg = Debug|Any CPU
		{4B5F193D-F5D1-4292-A88A-87B1867EB886}.Debug|Any CPU.Build.0 = Debug|Any CPU
		{4B5F193D-F5D1-4292-A88A-87B1867EB886}.Release|Any CPU.ActiveCfg = Release|Any CPU
		{4B5F193D-F5D1-4292-A88A-87B1867EB886}.Release|Any CPU.Build.0 = Release|Any CPU
		{75944F5C-5318-4000-BAE8-B9F102318454}.Debug|Any CPU.ActiveCfg = Debug|Any CPU
		{75944F5C-5318-4000-BAE8-B9F102318454}.Debug|Any CPU.Build.0 = Debug|Any CPU
		{75944F5C-5318-4000-BAE8-B9F102318454}.Release|Any CPU.ActiveCfg = Release|Any CPU
		{75944F5C-5318-4000-BAE8-B9F102318454}.Release|Any CPU.Build.0 = Release|Any CPU
	EndGlobalSection
	GlobalSection(SolutionProperties) = preSolution
		HideSolutionNode = FALSE
	EndGlobalSection
	GlobalSection(ExtensibilityGlobals) = postSolution
		SolutionGuid = {23D54F38-509F-4675-B003-E3C4B31B7113}
	EndGlobalSection
EndGlobal
